PODS:
  - SwiftLint (0.25.1)
  - TapAdditionsKit/Foundation/DateFormatter (1.0)
  - TapAdditionsKit/Foundation/Locale (1.0)
  - TapAdditionsKit/Foundation/NumberFormatter (1.0)
  - TapAdditionsKit/SwiftStandartLibrary/Dictionary (1.0)
  - TapAdditionsKit/SwiftStandartLibrary/Int (1.0)
  - TapAdditionsKit/SwiftStandartLibrary/String (1.0):
    - TapAdditionsKit/Foundation/Locale
    - TapAdditionsKit/Foundation/NumberFormatter
    - TapAdditionsKit/SwiftStandartLibrary/Int
  - TapAdditionsKit/Tap/ClassProtocol (1.0)
  - TapDatabase (1.0.5):
    - TapAdditionsKit/SwiftStandartLibrary/Dictionary
  - TapLogger (1.0):
    - TapAdditionsKit/Foundation/DateFormatter
    - TapAdditionsKit/Foundation/Locale
    - TapAdditionsKit/SwiftStandartLibrary/String
  - TapSwiftFixes/Threading (1.0)

DEPENDENCIES:
  - SwiftLint
  - TapAdditionsKit/Foundation/Locale
  - TapAdditionsKit/Foundation/NumberFormatter
  - TapAdditionsKit/Tap/ClassProtocol
  - TapDatabase
  - TapLogger
  - TapSwiftFixes/Threading

SPEC REPOS:
  https://github.com/CocoaPods/Specs.git:
    - SwiftLint
    - TapAdditionsKit
    - TapSwiftFixes
  https://github.com/Tap-Payments/PodSpecs.git:
    - TapDatabase
    - TapLogger

SPEC CHECKSUMS:
  SwiftLint: ce933681be10c3266e82576dad676fa815a602e9
  TapAdditionsKit: b95ff324998f470cc9784a237b2ec003625f7890
  TapDatabase: 24ee7185e9adc2d482ad7af90aaa7ede611c5d5d
  TapLogger: f5e7cd3687a489576bb4b50e591375537687f71f
  TapSwiftFixes: 445aea41db6b1486869bf044788a2f881a00e90d

PODFILE CHECKSUM: f0956528c29064f13e52aabd0ecfb583473e0a00

COCOAPODS: 1.5.0
