PODS:
  - SwiftFixes (1.4.4)
  - SwiftLint (0.24.0)
  - TapAdditionsKit/Foundation/DateFormatter (1.0.46)
  - TapAdditionsKit/Foundation/Locale (1.0.46)
  - TapAdditionsKit/Foundation/NumberFormatter (1.0.46)
  - TapAdditionsKit/ObjectiveC/NSObject (1.0.46)
  - TapAdditionsKit/SwiftStandartLibrary/Dictionary (1.0.46)
  - TapAdditionsKit/SwiftStandartLibrary/Int (1.0.46)
  - TapAdditionsKit/SwiftStandartLibrary/String (1.0.46):
    - TapAdditionsKit/Foundation/Locale
    - TapAdditionsKit/Foundation/NumberFormatter
    - TapAdditionsKit/SwiftStandartLibrary/Int
  - TapAdditionsKit/Tap/TypeAlias (1.0.46)
  - TapAdditionsKit/UIKit/UIViewController (1.0.46):
    - TapAdditionsKit/ObjectiveC/NSObject
    - TapAdditionsKit/Tap/TypeAlias
    - TapAdditionsKit/UIKit/UIWindow
    - TapAdditionsKit/UIKit/UIWindowLevel
  - TapAdditionsKit/UIKit/UIWindow (1.0.46):
    - TapAdditionsKit/UIKit/UIWindowLevel
  - TapAdditionsKit/UIKit/UIWindowLevel (1.0.46)
  - TapApplication (1.0.3):
    - SwiftFixes
    - TapAdditionsKit/SwiftStandartLibrary/String
    - TapAdditionsKit/Tap/TypeAlias
    - TapAdditionsKit/UIKit/UIViewController
  - TapDatabase (1.0.5):
    - TapAdditionsKit/SwiftStandartLibrary/Dictionary
  - TapLogger (1.0):
    - TapAdditionsKit/Foundation/DateFormatter
    - TapAdditionsKit/Foundation/Locale
    - TapAdditionsKit/SwiftStandartLibrary/String

DEPENDENCIES:
  - SwiftFixes
  - SwiftLint
  - TapAdditionsKit/Foundation/Locale
  - TapAdditionsKit/Foundation/NumberFormatter
  - TapApplication
  - TapDatabase
  - TapLogger

SPEC CHECKSUMS:
  SwiftFixes: beb6850f88cff3fb4bca0be0c1c5f430e21207ac
  SwiftLint: a014c92b4664e8b13f380f8640a51bb1733778ba
  TapAdditionsKit: 28019fed0659e183ad026a4f49fcec511f9840a6
  TapApplication: 5f11469ea2471eb1d3218074d9b60048983205bd
  TapDatabase: 24ee7185e9adc2d482ad7af90aaa7ede611c5d5d
  TapLogger: f5e7cd3687a489576bb4b50e591375537687f71f

PODFILE CHECKSUM: 8eb9c283e050f9920d04eff0b22cb6d44ca32d44

COCOAPODS: 1.3.1
